Microsoft Visual Studio Solution File, Format Version 12.00
# Visual Studio 15
VisualStudioVersion = 15.0.26124.0
MinimumVisualStudioVersion = 15.0.26124.0
Project("{FAE04EC0-301F-11D3-BF4B-00C04F79EFBC}") = "player-sessions.Client", "Client\player-sessions.Client.csproj", "{F9951B45-02D5-4601-A3AC-DA2FCA75DCE6}"
EndProject
Project("{FAE04EC0-301F-11D3-BF4B-00C04F79EFBC}") = "player-sessions.Server", "Server\player-sessions.Server.csproj", "{BBC4FFC4-DF0C-4E0A-9F26-9EFB77A183CF}"
EndProject
Global
	GlobalSection(SolutionConfigurationPlatforms) = preSolution
		Debug|Any CPU = Debug|Any CPU
		Release|Any CPU = Release|Any CPU
	EndGlobalSection
	GlobalSection(SolutionProperties) = preSolution
		HideSolutionNode = FALSE
	EndGlobalSection
	GlobalSection(ProjectConfigurationPlatforms) = postSolution
		{F9951B45-02D5-4601-A3AC-DA2FCA75DCE6}.Debug|Any CPU.ActiveCfg = Debug|Any CPU
		{F9951B45-02D5-4601-A3AC-DA2FCA75DCE6}.Debug|Any CPU.Build.0 = Debug|Any CPU
		{F9951B45-02D5-4601-A3AC-DA2FCA75DCE6}.Release|Any CPU.ActiveCfg = Release|Any CPU
		{F9951B45-02D5-4601-A3AC-DA2FCA75DCE6}.Release|Any CPU.Build.0 = Release|Any CPU
		{BBC4FFC4-DF0C-4E0A-9F26-9EFB77A183CF}.Debug|Any CPU.ActiveCfg = Debug|Any CPU
		{BBC4FFC4-DF0C-4E0A-9F26-9EFB77A183CF}.Debug|Any CPU.Build.0 = Debug|Any CPU
		{BBC4FFC4-DF0C-4E0A-9F26-9EFB77A183CF}.Release|Any CPU.ActiveCfg = Release|Any CPU
		{BBC4FFC4-DF0C-4E0A-9F26-9EFB77A183CF}.Release|Any CPU.Build.0 = Release|Any CPU
	EndGlobalSection
EndGlobal
